
Microsoft Visual Studio Solution File, Format Version 12.00
# Visual Studio Version 16
VisualStudioVersion = 16.0.30804.86
MinimumVisualStudioVersion = 10.0.40219.1
Project("{9A19103F-16F7-4668-BE54-9A1E7A4F7556}") = "IptvConverter.Host", "IptvConverter.Host\IptvConverter.Host.csproj", "{67365671-E4C0-44CE-A330-8FD4EE7DC89B}"
EndProject
Project("{9A19103F-16F7-4668-BE54-9A1E7A4F7556}") = "IptvConverter.Business", "IptvConverter.Business\IptvConverter.Business.csproj", "{5C7530FF-65C2-4C10-BAA0-E91B50D2CDB2}"
EndProject
Global
	GlobalSection(SolutionConfigurationPlatforms) = preSolution
		Debug|Any CPU = Debug|Any CPU
		Release|Any CPU = Release|Any CPU
	EndGlobalSection
	GlobalSection(ProjectConfigurationPlatforms) = postSolution
		{67365671-E4C0-44CE-A330-8FD4EE7DC89B}.Debug|Any CPU.ActiveCfg = Debug|Any CPU
		{67365671-E4C0-44CE-A330-8FD4EE7DC89B}.Debug|Any CPU.Build.0 = Debug|Any CPU
		{67365671-E4C0-44CE-A330-8FD4EE7DC89B}.Release|Any CPU.ActiveCfg = Release|Any CPU
		{67365671-E4C0-44CE-A330-8FD4EE7DC89B}.Release|Any CPU.Build.0 = Release|Any CPU
		{5C7530FF-65C2-4C10-BAA0-E91B50D2CDB2}.Debug|Any CPU.ActiveCfg = Debug|Any CPU
		{5C7530FF-65C2-4C10-BAA0-E91B50D2CDB2}.Debug|Any CPU.Build.0 = Debug|Any CPU
		{5C7530FF-65C2-4C10-BAA0-E91B50D2CDB2}.Release|Any CPU.ActiveCfg = Release|Any CPU
		{5C7530FF-65C2-4C10-BAA0-E91B50D2CDB2}.Release|Any CPU.Build.0 = Release|Any CPU
	EndGlobalSection
	GlobalSection(SolutionProperties) = preSolution
		HideSolutionNode = FALSE
	EndGlobalSection
	GlobalSection(ExtensibilityGlobals) = postSolution
		SolutionGuid = {FA50403E-C4D7-48D5-B46B-DAF897636338}
	EndGlobalSection
EndGlobal
